Microsoft Visual Studio Solution File, Format Version 12.00
# Visual Studio Version 16
VisualStudioVersion = 16.0.29509.3
MinimumVisualStudioVersion = 10.0.40219.1
Project("{2150E333-8FDC-42A3-9474-1A3956D46DE8}") = "src", "src", "{359DDFC7-BDB1-4B02-8FC3-C38BDCFF7E9F}"
EndProject
Project("{9A19103F-16F7-4668-BE54-9A1E7A4F7556}") = "Phomo", "src\TechJobs\Phomo.csproj", "{14778719-D230-4A24-BD3B-704D11DA20D8}"
EndProject
Global
	GlobalSection(SolutionConfigurationPlatforms) = preSolution
		Debug|Any CPU = Debug|Any CPU
		Debug|x64 = Debug|x64
		Debug|x86 = Debug|x86
		Release|Any CPU = Release|Any CPU
		Release|x64 = Release|x64
		Release|x86 = Release|x86
	EndGlobalSection
	GlobalSection(ProjectConfigurationPlatforms) = postSolution
		{14778719-D230-4A24-BD3B-704D11DA20D8}.Debug|Any CPU.ActiveCfg = Debug|Any CPU
		{14778719-D230-4A24-BD3B-704D11DA20D8}.Debug|Any CPU.Build.0 = Debug|Any CPU
		{14778719-D230-4A24-BD3B-704D11DA20D8}.Debug|x64.ActiveCfg = Debug|Any CPU
		{14778719-D230-4A24-BD3B-704D11DA20D8}.Debug|x86.ActiveCfg = Debug|Any CPU
		{14778719-D230-4A24-BD3B-704D11DA20D8}.Release|Any CPU.ActiveCfg = Release|Any CPU
		{14778719-D230-4A24-BD3B-704D11DA20D8}.Release|Any CPU.Build.0 = Release|Any CPU
		{14778719-D230-4A24-BD3B-704D11DA20D8}.Release|x64.ActiveCfg = Release|Any CPU
		{14778719-D230-4A24-BD3B-704D11DA20D8}.Release|x86.ActiveCfg = Release|Any CPU
	EndGlobalSection
	GlobalSection(SolutionProperties) = preSolution
		HideSolutionNode = FALSE
	EndGlobalSection
	GlobalSection(NestedProjects) = preSolution
		{14778719-D230-4A24-BD3B-704D11DA20D8} = {359DDFC7-BDB1-4B02-8FC3-C38BDCFF7E9F}
	EndGlobalSection
	GlobalSection(ExtensibilityGlobals) = postSolution
		SolutionGuid = {57B77461-08B4-4D8E-AE9B-7B3E8DF76573}
	EndGlobalSection
EndGlobal
